{
  "name": "@yaydoo/proto.boilerplate",
  "version": "0.0.0",
  "lockfileVersion": 1,
  "requires": true,
  "dependencies": {
    "google-protobuf": {
      "version": "3.12.0-rc.1",
      "resolved": "https://registry.npmjs.org/google-protobuf/-/google-protobuf-3.12.0-rc.1.tgz",
      "integrity": "sha512-EeofBulRUmUl1hX+NAcQVwAkTUI5hMd+5VmMcZRSRh4vWNCNCsNe+w2AvbbRh2sgS1JPx8RjJa0l7PIxTSR+bw=="
    }
  }
}
